
Microsoft Visual Studio Solution File, Format Version 12.00
# Visual Studio Version 17
VisualStudioVersion = 17.10.34916.146
MinimumVisualStudioVersion = 10.0.40219.1
Project("{FAE04EC0-301F-11D3-BF4B-00C04F79EFBC}") = "TEST_C#", "TEST_C#\TEST_C#.csproj", "{681C0F8E-E0D2-4069-82F4-21EBC35E7C03}"
EndProject
Global
	GlobalSection(SolutionConfigurationPlatforms) = preSolution
		Debug|Any CPU = Debug|Any CPU
		Release|Any CPU = Release|Any CPU
	EndGlobalSection
	GlobalSection(ProjectConfigurationPlatforms) = postSolution
		{681C0F8E-E0D2-4069-82F4-21EBC35E7C03}.Debug|Any CPU.ActiveCfg = Debug|Any CPU
		{681C0F8E-E0D2-4069-82F4-21EBC35E7C03}.Debug|Any CPU.Build.0 = Debug|Any CPU
		{681C0F8E-E0D2-4069-82F4-21EBC35E7C03}.Release|Any CPU.ActiveCfg = Release|Any CPU
		{681C0F8E-E0D2-4069-82F4-21EBC35E7C03}.Release|Any CPU.Build.0 = Release|Any CPU
	EndGlobalSection
	GlobalSection(SolutionProperties) = preSolution
		HideSolutionNode = FALSE
	EndGlobalSection
	GlobalSection(ExtensibilityGlobals) = postSolution
		SolutionGuid = {7A47A6E6-5F43-4A97-9FB7-9EB647170F8E}
	EndGlobalSection
EndGlobal
